// !$*UTF8*$!
{
	archiveVersion = 1;
	classes = {
	};
	objectVersion = 50;
	objects = {

/* Begin PBXBuildFile section */
		E767E38321C3914D00FE3428 /* AppDelegate.m in Sources */ = {isa = PBXBuildFile; fileRef = E767E38221C3914D00FE3428 /* AppDelegate.m */; };
		E767E38621C3914D00FE3428 /* ViewController.m in Sources */ = {isa = PBXBuildFile; fileRef = E767E38521C3914D00FE3428 /* ViewController.m */; };
		E767E38921C3914D00FE3428 /* Main.storyboard in Resources */ = {isa = PBXBuildFile; fileRef = E767E38721C3914D00FE3428 /* Main.storyboard */; };
		E767E38B21C3914E00FE3428 /* Assets.xcassets in Resources */ = {isa = PBXBuildFile; fileRef = E767E38A21C3914E00FE3428 /* Assets.xcassets */; };
		E767E38E21C3914E00FE3428 /* LaunchScreen.storyboard in Resources */ = {isa = PBXBuildFile; fileRef = E767E38C21C3914E00FE3428 /* LaunchScreen.storyboard */; };
		E767E39121C3914E00FE3428 /* main.m in Sources */ = {isa = PBXBuildFile; fileRef = E767E39021C3914E00FE3428 /* main.m */; };
		E767E39A21C3918300FE3428 /* ApexLineChart.m in Sources */ = {isa = PBXBuildFile; fileRef = E767E39921C3918300FE3428 /* ApexLineChart.m */; };
		E767E39E21C39D9400FE3428 /* UIView+TKFrame.m in Sources */ = {isa = PBXBuildFile; fileRef = E767E39C21C39D9400FE3428 /* UIView+TKFrame.m */; };
		E767E3A121C3B4D500FE3428 /* CALayer+TKFrame.m in Sources */ = {isa = PBXBuildFile; fileRef = E767E3A021C3B4D500FE3428 /* CALayer+TKFrame.m */; };
		E767E3A421C739EA00FE3428 /* ApexPoint.m in Sources */ = {isa = PBXBuildFile; fileRef = E767E3A321C739EA00FE3428 /* ApexPoint.m */; };
		E767E3A721C7440C00FE3428 /* ApexDot.m in Sources */ = {isa = PBXBuildFile; fileRef = E767E3A621C7440C00FE3428 /* ApexDot.m */; };
		E767E3AA21C7460D00FE3428 /* ApexLine.m in Sources */ = {isa = PBXBuildFile; fileRef = E767E3A921C7460D00FE3428 /* ApexLine.m */; };
		E767E3AD21C89BC500FE3428 /* UIColor+ChartColor.m in Sources */ = {isa = PBXBuildFile; fileRef = E767E3AC21C89BC500FE3428 /* UIColor+ChartColor.m */; };
/* End PBXBuildFile section */

/* Begin PBXFileReference section */
		E767E37E21C3914D00FE3428 /* ApexCharts.app */ = {isa = PBXFileReference; explicitFileType = wrapper.application; includeInIndex = 0; path = ApexCharts.app; sourceTree = BUILT_PRODUCTS_DIR; };
		E767E38121C3914D00FE3428 /* AppDelegate.h */ = {isa = PBXFileReference; lastKnownFileType = sourcecode.c.h; path = AppDelegate.h; sourceTree = "<group>"; };
		E767E38221C3914D00FE3428 /* AppDelegate.m */ = {isa = PBXFileReference; lastKnownFileType = sourcecode.c.objc; path = AppDelegate.m; sourceTree = "<group>"; };
		E767E38421C3914D00FE3428 /* ViewController.h */ = {isa = PBXFileReference; lastKnownFileType = sourcecode.c.h; path = ViewController.h; sourceTree = "<group>"; };
		E767E38521C3914D00FE3428 /* ViewController.m */ = {isa = PBXFileReference; lastKnownFileType = sourcecode.c.objc; path = ViewController.m; sourceTree = "<group>"; };
		E767E38821C3914D00FE3428 /* Base */ = {isa = PBXFileReference; lastKnownFileType = file.storyboard; name = Base; path = Base.lproj/Main.storyboard; sourceTree = "<group>"; };
		E767E38A21C3914E00FE3428 /* Assets.xcassets */ = {isa = PBXFileReference; lastKnownFileType = folder.assetcatalog; path = Assets.xcassets; sourceTree = "<group>"; };
		E767E38D21C3914E00FE3428 /* Base */ = {isa = PBXFileReference; lastKnownFileType = file.storyboard; name = Base; path = Base.lproj/LaunchScreen.storyboard; sourceTree = "<group>"; };
		E767E38F21C3914E00FE3428 /* Info.plist */ = {isa = PBXFileReference; lastKnownFileType = text.plist.xml; path = Info.plist; sourceTree = "<group>"; };
		E767E39021C3914E00FE3428 /* main.m */ = {isa = PBXFileReference; lastKnownFileType = sourcecode.c.objc; path = main.m; sourceTree = "<group>"; };
		E767E39821C3918300FE3428 /* ApexLineChart.h */ = {isa = PBXFileReference; lastKnownFileType = sourcecode.c.h; path = ApexLineChart.h; sourceTree = "<group>"; };
		E767E39921C3918300FE3428 /* ApexLineChart.m */ = {isa = PBXFileReference; lastKnownFileType = sourcecode.c.objc; path = ApexLineChart.m; sourceTree = "<group>"; };
		E767E39C21C39D9400FE3428 /* UIView+TKFrame.m */ = {isa = PBXFileReference; fileEncoding = 4; lastKnownFileType = sourcecode.c.objc; path = "UIView+TKFrame.m"; sourceTree = "<group>"; };
		E767E39D21C39D9400FE3428 /* UIView+TKFrame.h */ = {isa = PBXFileReference; fileEncoding = 4; lastKnownFileType = sourcecode.c.h; path = "UIView+TKFrame.h"; sourceTree = "<group>"; };
		E767E39F21C3B4D500FE3428 /* CALayer+TKFrame.h */ = {isa = PBXFileReference; lastKnownFileType = sourcecode.c.h; path = "CALayer+TKFrame.h"; sourceTree = "<group>"; };
		E767E3A021C3B4D500FE3428 /* CALayer+TKFrame.m */ = {isa = PBXFileReference; lastKnownFileType = sourcecode.c.objc; path = "CALayer+TKFrame.m"; sourceTree = "<group>"; };
		E767E3A221C739EA00FE3428 /* ApexPoint.h */ = {isa = PBXFileReference; lastKnownFileType = sourcecode.c.h; path = ApexPoint.h; sourceTree = "<group>"; };
		E767E3A321C739EA00FE3428 /* ApexPoint.m */ = {isa = PBXFileReference; lastKnownFileType = sourcecode.c.objc; path = ApexPoint.m; sourceTree = "<group>"; };
		E767E3A521C7440C00FE3428 /* ApexDot.h */ = {isa = PBXFileReference; lastKnownFileType = sourcecode.c.h; path = ApexDot.h; sourceTree = "<group>"; };
		E767E3A621C7440C00FE3428 /* ApexDot.m */ = {isa = PBXFileReference; lastKnownFileType = sourcecode.c.objc; path = ApexDot.m; sourceTree = "<group>"; };
		E767E3A821C7460D00FE3428 /* ApexLine.h */ = {isa = PBXFileReference; lastKnownFileType = sourcecode.c.h; path = ApexLine.h; sourceTree = "<group>"; };
		E767E3A921C7460D00FE3428 /* ApexLine.m */ = {isa = PBXFileReference; lastKnownFileType = sourcecode.c.objc; path = ApexLine.m; sourceTree = "<group>"; };
		E767E3AB21C89BC500FE3428 /* UIColor+ChartColor.h */ = {isa = PBXFileReference; lastKnownFileType = sourcecode.c.h; path = "UIColor+ChartColor.h"; sourceTree = "<group>"; };
		E767E3AC21C89BC500FE3428 /* UIColor+ChartColor.m */ = {isa = PBXFileReference; lastKnownFileType = sourcecode.c.objc; path = "UIColor+ChartColor.m"; sourceTree = "<group>"; };
/* End PBXFileReference section */

/* Begin PBXFrameworksBuildPhase section */
		E767E37B21C3914D00FE3428 /* Frameworks */ = {
			isa = PBXFrameworksBuildPhase;
			buildActionMask = 2147483647;
			files = (
			);
			runOnlyForDeploymentPostprocessing = 0;
		};
/* End PBXFrameworksBuildPhase section */

/* Begin PBXGroup section */
		E767E37521C3914D00FE3428 = {
			isa = PBXGroup;
			children = (
				E767E38021C3914D00FE3428 /* ApexCharts */,
				E767E37F21C3914D00FE3428 /* Products */,
			);
			sourceTree = "<group>";
		};
		E767E37F21C3914D00FE3428 /* Products */ = {
			isa = PBXGroup;
			children = (
				E767E37E21C3914D00FE3428 /* ApexCharts.app */,
			);
			name = Products;
			sourceTree = "<group>";
		};
		E767E38021C3914D00FE3428 /* ApexCharts */ = {
			isa = PBXGroup;
			children = (
				E767E39B21C39D6300FE3428 /* Util */,
				E767E39721C3915600FE3428 /* LineCharts */,
				E767E38121C3914D00FE3428 /* AppDelegate.h */,
				E767E38221C3914D00FE3428 /* AppDelegate.m */,
				E767E38421C3914D00FE3428 /* ViewController.h */,
				E767E38521C3914D00FE3428 /* ViewController.m */,
				E767E38721C3914D00FE3428 /* Main.storyboard */,
				E767E38A21C3914E00FE3428 /* Assets.xcassets */,
				E767E38C21C3914E00FE3428 /* LaunchScreen.storyboard */,
				E767E38F21C3914E00FE3428 /* Info.plist */,
				E767E39021C3914E00FE3428 /* main.m */,
			);
			path = ApexCharts;
			sourceTree = "<group>";
		};
		E767E39721C3915600FE3428 /* LineCharts */ = {
			isa = PBXGroup;
			children = (
				E767E39821C3918300FE3428 /* ApexLineChart.h */,
				E767E39921C3918300FE3428 /* ApexLineChart.m */,
				E767E3A221C739EA00FE3428 /* ApexPoint.h */,
				E767E3A321C739EA00FE3428 /* ApexPoint.m */,
				E767E3A521C7440C00FE3428 /* ApexDot.h */,
				E767E3A621C7440C00FE3428 /* ApexDot.m */,
				E767E3A821C7460D00FE3428 /* ApexLine.h */,
				E767E3A921C7460D00FE3428 /* ApexLine.m */,
			);
			path = LineCharts;
			sourceTree = "<group>";
		};
		E767E39B21C39D6300FE3428 /* Util */ = {
			isa = PBXGroup;
			children = (
				E767E39D21C39D9400FE3428 /* UIView+TKFrame.h */,
				E767E39C21C39D9400FE3428 /* UIView+TKFrame.m */,
				E767E39F21C3B4D500FE3428 /* CALayer+TKFrame.h */,
				E767E3A021C3B4D500FE3428 /* CALayer+TKFrame.m */,
				E767E3AB21C89BC500FE3428 /* UIColor+ChartColor.h */,
				E767E3AC21C89BC500FE3428 /* UIColor+ChartColor.m */,
			);
			path = Util;
			sourceTree = "<group>";
		};
/* End PBXGroup section */

/* Begin PBXNativeTarget section */
		E767E37D21C3914D00FE3428 /* ApexCharts */ = {
			isa = PBXNativeTarget;
			buildConfigurationList = E767E39421C3914E00FE3428 /* Build configuration list for PBXNativeTarget "ApexCharts" */;
			buildPhases = (
				E767E37A21C3914D00FE3428 /* Sources */,
				E767E37B21C3914D00FE3428 /* Frameworks */,
				E767E37C21C3914D00FE3428 /* Resources */,
			);
			buildRules = (
			);
			dependencies = (
			);
			name = ApexCharts;
			productName = ApexCharts;
			productReference = E767E37E21C3914D00FE3428 /* ApexCharts.app */;
			productType = "com.apple.product-type.application";
		};
/* End PBXNativeTarget section */

/* Begin PBXProject section */
		E767E37621C3914D00FE3428 /* Project object */ = {
			isa = PBXProject;
			attributes = {
				LastUpgradeCheck = 1010;
				ORGANIZATIONNAME = "yulin chi";
				TargetAttributes = {
					E767E37D21C3914D00FE3428 = {
						CreatedOnToolsVersion = 10.1;
					};
				};
			};
			buildConfigurationList = E767E37921C3914D00FE3428 /* Build configuration list for PBXProject "ApexCharts" */;
			compatibilityVersion = "Xcode 9.3";
			developmentRegion = en;
			hasScannedForEncodings = 0;
			knownRegions = (
				en,
				Base,
			);
			mainGroup = E767E37521C3914D00FE3428;
			productRefGroup = E767E37F21C3914D00FE3428 /* Products */;
			projectDirPath = "";
			projectRoot = "";
			targets = (
				E767E37D21C3914D00FE3428 /* ApexCharts */,
			);
		};
/* End PBXProject section */

/* Begin PBXResourcesBuildPhase section */
		E767E37C21C3914D00FE3428 /* Resources */ = {
			isa = PBXResourcesBuildPhase;
			buildActionMask = 2147483647;
			files = (
				E767E38E21C3914E00FE3428 /* LaunchScreen.storyboard in Resources */,
				E767E38B21C3914E00FE3428 /* Assets.xcassets in Resources */,
				E767E38921C3914D00FE3428 /* Main.storyboard in Resources */,
			);
			runOnlyForDeploymentPostprocessing = 0;
		};
/* End PBXResourcesBuildPhase section */

/* Begin PBXSourcesBuildPhase section */
		E767E37A21C3914D00FE3428 /* Sources */ = {
			isa = PBXSourcesBuildPhase;
			buildActionMask = 2147483647;
			files = (
				E767E3AD21C89BC500FE3428 /* UIColor+ChartColor.m in Sources */,
				E767E38621C3914D00FE3428 /* ViewController.m in Sources */,
				E767E3A721C7440C00FE3428 /* ApexDot.m in Sources */,
				E767E3AA21C7460D00FE3428 /* ApexLine.m in Sources */,
				E767E39121C3914E00FE3428 /* main.m in Sources */,
				E767E3A421C739EA00FE3428 /* ApexPoint.m in Sources */,
				E767E3A121C3B4D500FE3428 /* CALayer+TKFrame.m in Sources */,
				E767E39A21C3918300FE3428 /* ApexLineChart.m in Sources */,
				E767E39E21C39D9400FE3428 /* UIView+TKFrame.m in Sources */,
				E767E38321C3914D00FE3428 /* AppDelegate.m in Sources */,
			);
			runOnlyForDeploymentPostprocessing = 0;
		};
/* End PBXSourcesBuildPhase section */

/* Begin PBXVariantGroup section */
		E767E38721C3914D00FE3428 /* Main.storyboard */ = {
			isa = PBXVariantGroup;
			children = (
				E767E38821C3914D00FE3428 /* Base */,
			);
			name = Main.storyboard;
			sourceTree = "<group>";
		};
		E767E38C21C3914E00FE3428 /* LaunchScreen.storyboard */ = {
			isa = PBXVariantGroup;
			children = (
				E767E38D21C3914E00FE3428 /* Base */,
			);
			name = LaunchScreen.storyboard;
			sourceTree = "<group>";
		};
/* End PBXVariantGroup section */

/* Begin XCBuildConfiguration section */
		E767E39221C3914E00FE3428 /* Debug */ = {
			isa = XCBuildConfiguration;
			buildSettings = {
				ALWAYS_SEARCH_USER_PATHS = NO;
				CLANG_ANALYZER_NONNULL = YES;
				CLANG_ANALYZER_NUMBER_OBJECT_CONVERSION = YES_AGGRESSIVE;
				CLANG_CXX_LANGUAGE_STANDARD = "gnu++14";
				CLANG_CXX_LIBRARY = "libc++";
				CLANG_ENABLE_MODULES = YES;
				CLANG_ENABLE_OBJC_ARC = YES;
				CLANG_ENABLE_OBJC_WEAK = YES;
				CLANG_WARN_BLOCK_CAPTURE_AUTORELEASING = YES;
				CLANG_WARN_BOOL_CONVERSION = YES;
				CLANG_WARN_COMMA = YES;
				CLANG_WARN_CONSTANT_CONVERSION = YES;
				CLANG_WARN_DEPRECATED_OBJC_IMPLEMENTATIONS = YES;
				CLANG_WARN_DIRECT_OBJC_ISA_USAGE = YES_ERROR;
				CLANG_WARN_DOCUMENTATION_COMMENTS = YES;
				CLANG_WARN_EMPTY_BODY = YES;
				CLANG_WARN_ENUM_CONVERSION = YES;
				CLANG_WARN_INFINITE_RECURSION = YES;
				CLANG_WARN_INT_CONVERSION = YES;
				CLANG_WARN_NON_LITERAL_NULL_CONVERSION = YES;
				CLANG_WARN_OBJC_IMPLICIT_RETAIN_SELF = YES;
				CLANG_WARN_OBJC_LITERAL_CONVERSION = YES;
				CLANG_WARN_OBJC_ROOT_CLASS = YES_ERROR;
				CLANG_WARN_RANGE_LOOP_ANALYSIS = YES;
				CLANG_WARN_STRICT_PROTOTYPES = YES;
				CLANG_WARN_SUSPICIOUS_MOVE = YES;
				CLANG_WARN_UNGUARDED_AVAILABILITY = YES_AGGRESSIVE;
				CLANG_WARN_UNREACHABLE_CODE = YES;
				CLANG_WARN__DUPLICATE_METHOD_MATCH = YES;
				CODE_SIGN_IDENTITY = "iPhone Developer";
				COPY_PHASE_STRIP = NO;
				DEBUG_INFORMATION_FORMAT = dwarf;
				ENABLE_STRICT_OBJC_MSGSEND = YES;
				ENABLE_TESTABILITY = YES;
				GCC_C_LANGUAGE_STANDARD = gnu11;
				GCC_DYNAMIC_NO_PIC = NO;
				GCC_NO_COMMON_BLOCKS = YES;
				GCC_OPTIMIZATION_LEVEL = 0;
				GCC_PREPROCESSOR_DEFINITIONS = (
					"DEBUG=1",
					"$(inherited)",
				);
				GCC_WARN_64_TO_32_BIT_CONVERSION = YES;
				GCC_WARN_ABOUT_RETURN_TYPE = YES_ERROR;
				GCC_WARN_UNDECLARED_SELECTOR = YES;
				GCC_WARN_UNINITIALIZED_AUTOS = YES_AGGRESSIVE;
				GCC_WARN_UNUSED_FUNCTION = YES;
				GCC_WARN_UNUSED_VARIABLE = YES;
				IPHONEOS_DEPLOYMENT_TARGET = 12.1;
				MTL_ENABLE_DEBUG_INFO = INCLUDE_SOURCE;
				MTL_FAST_MATH = YES;
				ONLY_ACTIVE_ARCH = YES;
				SDKROOT = iphoneos;
			};
			name = Debug;
		};
		E767E39321C3914E00FE3428 /* Release */ = {
			isa = XCBuildConfiguration;
			buildSettings = {
				ALWAYS_SEARCH_USER_PATHS = NO;
				CLANG_ANALYZER_NONNULL = YES;
				CLANG_ANALYZER_NUMBER_OBJECT_CONVERSION = YES_AGGRESSIVE;
				CLANG_CXX_LANGUAGE_STANDARD = "gnu++14";
				CLANG_CXX_LIBRARY = "libc++";
				CLANG_ENABLE_MODULES = YES;
				CLANG_ENABLE_OBJC_ARC = YES;
				CLANG_ENABLE_OBJC_WEAK = YES;
				CLANG_WARN_BLOCK_CAPTURE_AUTORELEASING = YES;
				CLANG_WARN_BOOL_CONVERSION = YES;
				CLANG_WARN_COMMA = YES;
				CLANG_WARN_CONSTANT_CONVERSION = YES;
				CLANG_WARN_DEPRECATED_OBJC_IMPLEMENTATIONS = YES;
				CLANG_WARN_DIRECT_OBJC_ISA_USAGE = YES_ERROR;
				CLANG_WARN_DOCUMENTATION_COMMENTS = YES;
				CLANG_WARN_EMPTY_BODY = YES;
				CLANG_WARN_ENUM_CONVERSION = YES;
				CLANG_WARN_INFINITE_RECURSION = YES;
				CLANG_WARN_INT_CONVERSION = YES;
				CLANG_WARN_NON_LITERAL_NULL_CONVERSION = YES;
				CLANG_WARN_OBJC_IMPLICIT_RETAIN_SELF = YES;
				CLANG_WARN_OBJC_LITERAL_CONVERSION = YES;
				CLANG_WARN_OBJC_ROOT_CLASS = YES_ERROR;
				CLANG_WARN_RANGE_LOOP_ANALYSIS = YES;
				CLANG_WARN_STRICT_PROTOTYPES = YES;
				CLANG_WARN_SUSPICIOUS_MOVE = YES;
				CLANG_WARN_UNGUARDED_AVAILABILITY = YES_AGGRESSIVE;
				CLANG_WARN_UNREACHABLE_CODE = YES;
				CLANG_WARN__DUPLICATE_METHOD_MATCH = YES;
				CODE_SIGN_IDENTITY = "iPhone Developer";
				COPY_PHASE_STRIP = NO;
				DEBUG_INFORMATION_FORMAT = "dwarf-with-dsym";
				ENABLE_NS_ASSERTIONS = NO;
				ENABLE_STRICT_OBJC_MSGSEND = YES;
				GCC_C_LANGUAGE_STANDARD = gnu11;
				GCC_NO_COMMON_BLOCKS = YES;
				GCC_WARN_64_TO_32_BIT_CONVERSION = YES;
				GCC_WARN_ABOUT_RETURN_TYPE = YES_ERROR;
				GCC_WARN_UNDECLARED_SELECTOR = YES;
				GCC_WARN_UNINITIALIZED_AUTOS = YES_AGGRESSIVE;
				GCC_WARN_UNUSED_FUNCTION = YES;
				GCC_WARN_UNUSED_VARIABLE = YES;
				IPHONEOS_DEPLOYMENT_TARGET = 12.1;
				MTL_ENABLE_DEBUG_INFO = NO;
				MTL_FAST_MATH = YES;
				SDKROOT = iphoneos;
				VALIDATE_PRODUCT = YES;
			};
			name = Release;
		};
		E767E39521C3914E00FE3428 /* Debug */ = {
			isa = XCBuildConfiguration;
			buildSettings = {
				ASSETCATALOG_COMPILER_APPICON_NAME = AppIcon;
				CODE_SIGN_STYLE = Automatic;
				DEVELOPMENT_TEAM = 2WU6NZ66PC;
				INFOPLIST_FILE = ApexCharts/Info.plist;
				LD_RUNPATH_SEARCH_PATHS = (
					"$(inherited)",
					"@executable_path/Frameworks",
				);
				PRODUCT_BUNDLE_IDENTIFIER = "com.chinapex.-ApexCharts.ApexCharts";
				PRODUCT_NAME = "$(TARGET_NAME)";
				TARGETED_DEVICE_FAMILY = "1,2";
			};
			name = Debug;
		};
		E767E39621C3914E00FE3428 /* Release */ = {
			isa = XCBuildConfiguration;
			buildSettings = {
				ASSETCATALOG_COMPILER_APPICON_NAME = AppIcon;
				CODE_SIGN_STYLE = Automatic;
				DEVELOPMENT_TEAM = 2WU6NZ66PC;
				INFOPLIST_FILE = ApexCharts/Info.plist;
				LD_RUNPATH_SEARCH_PATHS = (
					"$(inherited)",
					"@executable_path/Frameworks",
				);
				PRODUCT_BUNDLE_IDENTIFIER = "com.chinapex.-ApexCharts.ApexCharts";
				PRODUCT_NAME = "$(TARGET_NAME)";
				TARGETED_DEVICE_FAMILY = "1,2";
			};
			name = Release;
		};
/* End XCBuildConfiguration section */

/* Begin XCConfigurationList section */
		E767E37921C3914D00FE3428 /* Build configuration list for PBXProject "ApexCharts" */ = {
			isa = XCConfigurationList;
			buildConfigurations = (
				E767E39221C3914E00FE3428 /* Debug */,
				E767E39321C3914E00FE3428 /* Release */,
			);
			defaultConfigurationIsVisible = 0;
			defaultConfigurationName = Release;
		};
		E767E39421C3914E00FE3428 /* Build configuration list for PBXNativeTarget "ApexCharts" */ = {
			isa = XCConfigurationList;
			buildConfigurations = (
				E767E39521C3914E00FE3428 /* Debug */,
				E767E39621C3914E00FE3428 /* Release */,
			);
			defaultConfigurationIsVisible = 0;
			defaultConfigurationName = Release;
		};
/* End XCConfigurationList section */
	};
	rootObject = E767E37621C3914D00FE3428 /* Project object */;
}
